github.com/sa6mwa/anystore v0.5.0 h1:MIbVwe7dmh7wdimdngzgPk2mPIkWHeCBi+9unhvKZg0=
github.com/sa6mwa/anystore v0.5.0/go.mod h1:mSKHQmUyj4hgRSCGrY9VzHOz6XQAW+KAsEerLzZyLEY=
github.com/sa6mwa/kryptograf v0.1.0 h1:9pKIE3gYMNTfEvbcre/xo5/gIFdd7+HctR1AHyyqlLI=
github.com/sa6mwa/kryptograf v0.1.0/go.mod h1:E3WeB9lHuqE/ct+602Pg70HC1JGoowxZFVJkj4gepyA=
github.com/sa6mwa/kryptograf v0.2.0 h1:7eNIlfqhUDV0iOzd0gRjf/VnuRAjsMhVx97mZWT6cgs=
github.com/sa6mwa/kryptograf v0.2.0/go.mod h1:E3WeB9lHuqE/ct+602Pg70HC1JGoowxZFVJkj4gepyA=
